
Microsoft Visual Studio Solution File, Format Version 12.00
# Visual Studio Version 17
VisualStudioVersion = 17.2.32630.192
MinimumVisualStudioVersion = 10.0.40219.1
Project("{9A19103F-16F7-4668-BE54-9A1E7A4F7556}") = "CvUpAPI", "CvUpAPI\CvUpAPI.csproj", "{F7E96CB0-4321-40E3-920D-32620531BEF4}"
EndProject
Project("{9A19103F-16F7-4668-BE54-9A1E7A4F7556}") = "EmailsLibrary", "EmailsLibrary\EmailsLibrary.csproj", "{9D0E5771-CBBE-4CB9-B7CC-F7543A6425CF}"
EndProject
Project("{9A19103F-16F7-4668-BE54-9A1E7A4F7556}") = "LuceneLibrary", "LuceneLibrary\LuceneLibrary.csproj", "{7417B6B6-9857-4B17-B731-45480F433D0B}"
EndProject
Project("{9A19103F-16F7-4668-BE54-9A1E7A4F7556}") = "DataModelsLibrary", "DataModelsLibrary\DataModelsLibrary.csproj", "{8C2AE2F0-6FC3-495B-A96F-9AD2A0C8DCDC}"
EndProject
Project("{9A19103F-16F7-4668-BE54-9A1E7A4F7556}") = "AuthLibrary", "AuthLibrary\AuthLibrary.csproj", "{59791DB7-B977-4F61-A6CE-8AF9D76C47D8}"
EndProject
Project("{9A19103F-16F7-4668-BE54-9A1E7A4F7556}") = "CvsWorkerService", "CvsWorkerService\CvsWorkerService.csproj", "{9DA03DB6-A48F-4089-AA66-7A10FD0F11F2}"
EndProject
Project("{9A19103F-16F7-4668-BE54-9A1E7A4F7556}") = "ImportCvsLibrary", "ImportCvsLibrary\ImportCvsLibrary.csproj", "{1EA89F9B-6138-4F53-8A8A-004AC9783E3C}"
EndProject
Project("{9A19103F-16F7-4668-BE54-9A1E7A4F7556}") = "IndexCvsConsoleApp", "IndexCvsConsoleApp\IndexCvsConsoleApp.csproj", "{E10FAB07-1B9F-4E1C-AFDC-AC8AB922B07E}"
EndProject
Project("{9A19103F-16F7-4668-BE54-9A1E7A4F7556}") = "GeneralLibrary", "GeneralLibrary\GeneralLibrary.csproj", "{2C0A33CC-C03B-47FE-8098-E3A9C51CC05C}"
EndProject
Project("{9A19103F-16F7-4668-BE54-9A1E7A4F7556}") = "CvsFilesConsoleApp", "CvsFilesConsoleApp\CvsFilesConsoleApp.csproj", "{61F87A28-E44F-45EE-A008-F41D14B5B0A6}"
EndProject
Project("{9A19103F-16F7-4668-BE54-9A1E7A4F7556}") = "CandsPositionsLibrary", "CandsPositionsLibrary\CandsPositionsLibrary.csproj", "{DDF6C09B-ADD6-4BAB-B9FB-BE90B4F5578B}"
EndProject
Project("{FAE04EC0-301F-11D3-BF4B-00C04F79EFBC}") = "FoldersLibrary", "FoldersLibrary\FoldersLibrary.csproj", "{8A26D461-29BD-4AC6-AF08-791F9ED9C147}"
EndProject
Project("{FAE04EC0-301F-11D3-BF4B-00C04F79EFBC}") = "ContactsLibrary", "ContactsLibrary\ContactsLibrary.csproj", "{E070B93E-25F2-4ADA-BC31-2961EF0A270F}"
EndProject
Global
	GlobalSection(SolutionConfigurationPlatforms) = preSolution
		Debug|Any CPU = Debug|Any CPU
		Release|Any CPU = Release|Any CPU
	EndGlobalSection
	GlobalSection(ProjectConfigurationPlatforms) = postSolution
		{F7E96CB0-4321-40E3-920D-32620531BEF4}.Debug|Any CPU.ActiveCfg = Debug|Any CPU
		{F7E96CB0-4321-40E3-920D-32620531BEF4}.Debug|Any CPU.Build.0 = Debug|Any CPU
		{F7E96CB0-4321-40E3-920D-32620531BEF4}.Release|Any CPU.ActiveCfg = Release|Any CPU
		{F7E96CB0-4321-40E3-920D-32620531BEF4}.Release|Any CPU.Build.0 = Release|Any CPU
		{9D0E5771-CBBE-4CB9-B7CC-F7543A6425CF}.Debug|Any CPU.ActiveCfg = Debug|Any CPU
		{9D0E5771-CBBE-4CB9-B7CC-F7543A6425CF}.Debug|Any CPU.Build.0 = Debug|Any CPU
		{9D0E5771-CBBE-4CB9-B7CC-F7543A6425CF}.Release|Any CPU.ActiveCfg = Release|Any CPU
		{9D0E5771-CBBE-4CB9-B7CC-F7543A6425CF}.Release|Any CPU.Build.0 = Release|Any CPU
		{7417B6B6-9857-4B17-B731-45480F433D0B}.Debug|Any CPU.ActiveCfg = Debug|Any CPU
		{7417B6B6-9857-4B17-B731-45480F433D0B}.Debug|Any CPU.Build.0 = Debug|Any CPU
		{7417B6B6-9857-4B17-B731-45480F433D0B}.Release|Any CPU.ActiveCfg = Release|Any CPU
		{7417B6B6-9857-4B17-B731-45480F433D0B}.Release|Any CPU.Build.0 = Release|Any CPU
		{8C2AE2F0-6FC3-495B-A96F-9AD2A0C8DCDC}.Debug|Any CPU.ActiveCfg = Debug|Any CPU
		{8C2AE2F0-6FC3-495B-A96F-9AD2A0C8DCDC}.Debug|Any CPU.Build.0 = Debug|Any CPU
		{8C2AE2F0-6FC3-495B-A96F-9AD2A0C8DCDC}.Release|Any CPU.ActiveCfg = Release|Any CPU
		{8C2AE2F0-6FC3-495B-A96F-9AD2A0C8DCDC}.Release|Any CPU.Build.0 = Release|Any CPU
		{59791DB7-B977-4F61-A6CE-8AF9D76C47D8}.Debug|Any CPU.ActiveCfg = Debug|Any CPU
		{59791DB7-B977-4F61-A6CE-8AF9D76C47D8}.Debug|Any CPU.Build.0 = Debug|Any CPU
		{59791DB7-B977-4F61-A6CE-8AF9D76C47D8}.Release|Any CPU.ActiveCfg = Release|Any CPU
		{59791DB7-B977-4F61-A6CE-8AF9D76C47D8}.Release|Any CPU.Build.0 = Release|Any CPU
		{9DA03DB6-A48F-4089-AA66-7A10FD0F11F2}.Debug|Any CPU.ActiveCfg = Debug|Any CPU
		{9DA03DB6-A48F-4089-AA66-7A10FD0F11F2}.Debug|Any CPU.Build.0 = Debug|Any CPU
		{9DA03DB6-A48F-4089-AA66-7A10FD0F11F2}.Release|Any CPU.ActiveCfg = Release|Any CPU
		{9DA03DB6-A48F-4089-AA66-7A10FD0F11F2}.Release|Any CPU.Build.0 = Release|Any CPU
		{1EA89F9B-6138-4F53-8A8A-004AC9783E3C}.Debug|Any CPU.ActiveCfg = Debug|Any CPU
		{1EA89F9B-6138-4F53-8A8A-004AC9783E3C}.Debug|Any CPU.Build.0 = Debug|Any CPU
		{1EA89F9B-6138-4F53-8A8A-004AC9783E3C}.Release|Any CPU.ActiveCfg = Release|Any CPU
		{1EA89F9B-6138-4F53-8A8A-004AC9783E3C}.Release|Any CPU.Build.0 = Release|Any CPU
		{E10FAB07-1B9F-4E1C-AFDC-AC8AB922B07E}.Debug|Any CPU.ActiveCfg = Debug|Any CPU
		{E10FAB07-1B9F-4E1C-AFDC-AC8AB922B07E}.Debug|Any CPU.Build.0 = Debug|Any CPU
		{E10FAB07-1B9F-4E1C-AFDC-AC8AB922B07E}.Release|Any CPU.ActiveCfg = Release|Any CPU
		{E10FAB07-1B9F-4E1C-AFDC-AC8AB922B07E}.Release|Any CPU.Build.0 = Release|Any CPU
		{2C0A33CC-C03B-47FE-8098-E3A9C51CC05C}.Debug|Any CPU.ActiveCfg = Debug|Any CPU
		{2C0A33CC-C03B-47FE-8098-E3A9C51CC05C}.Debug|Any CPU.Build.0 = Debug|Any CPU
		{2C0A33CC-C03B-47FE-8098-E3A9C51CC05C}.Release|Any CPU.ActiveCfg = Release|Any CPU
		{2C0A33CC-C03B-47FE-8098-E3A9C51CC05C}.Release|Any CPU.Build.0 = Release|Any CPU
		{61F87A28-E44F-45EE-A008-F41D14B5B0A6}.Debug|Any CPU.ActiveCfg = Debug|Any CPU
		{61F87A28-E44F-45EE-A008-F41D14B5B0A6}.Debug|Any CPU.Build.0 = Debug|Any CPU
		{61F87A28-E44F-45EE-A008-F41D14B5B0A6}.Release|Any CPU.ActiveCfg = Release|Any CPU
		{61F87A28-E44F-45EE-A008-F41D14B5B0A6}.Release|Any CPU.Build.0 = Release|Any CPU
		{DDF6C09B-ADD6-4BAB-B9FB-BE90B4F5578B}.Debug|Any CPU.ActiveCfg = Debug|Any CPU
		{DDF6C09B-ADD6-4BAB-B9FB-BE90B4F5578B}.Debug|Any CPU.Build.0 = Debug|Any CPU
		{DDF6C09B-ADD6-4BAB-B9FB-BE90B4F5578B}.Release|Any CPU.ActiveCfg = Release|Any CPU
		{DDF6C09B-ADD6-4BAB-B9FB-BE90B4F5578B}.Release|Any CPU.Build.0 = Release|Any CPU
		{8A26D461-29BD-4AC6-AF08-791F9ED9C147}.Debug|Any CPU.ActiveCfg = Debug|Any CPU
		{8A26D461-29BD-4AC6-AF08-791F9ED9C147}.Debug|Any CPU.Build.0 = Debug|Any CPU
		{8A26D461-29BD-4AC6-AF08-791F9ED9C147}.Release|Any CPU.ActiveCfg = Release|Any CPU
		{8A26D461-29BD-4AC6-AF08-791F9ED9C147}.Release|Any CPU.Build.0 = Release|Any CPU
		{E070B93E-25F2-4ADA-BC31-2961EF0A270F}.Debug|Any CPU.ActiveCfg = Debug|Any CPU
		{E070B93E-25F2-4ADA-BC31-2961EF0A270F}.Debug|Any CPU.Build.0 = Debug|Any CPU
		{E070B93E-25F2-4ADA-BC31-2961EF0A270F}.Release|Any CPU.ActiveCfg = Release|Any CPU
		{E070B93E-25F2-4ADA-BC31-2961EF0A270F}.Release|Any CPU.Build.0 = Release|Any CPU
	EndGlobalSection
	GlobalSection(SolutionProperties) = preSolution
		HideSolutionNode = FALSE
	EndGlobalSection
	GlobalSection(ExtensibilityGlobals) = postSolution
		SolutionGuid = {19609C5A-7867-42CC-B319-9F6604BCCB64}
	EndGlobalSection
EndGlobal
